
Microsoft Visual Studio Solution File, Format Version 12.00
# Visual Studio Version 17
VisualStudioVersion = 17.0.31903.59
MinimumVisualStudioVersion = 10.0.40219.1
Project("{2150E333-8FDC-42A3-9474-1A3956D46DE8}") = "xx-Esercitazioni", "xx-Esercitazioni", "{C5E2B1F9-3754-4495-BCFC-BA757C7E0735}"
EndProject
Project("{FAE04EC0-301F-11D3-BF4B-00C04F79EFBC}") = "01_metodi-console", "xx-Esercitazioni\01_metodi-console\01_metodi-console.csproj", "{F155E750-A8FD-445C-A39D-1CEACB070361}"
EndProject
Project("{FAE04EC0-301F-11D3-BF4B-00C04F79EFBC}") = "02_tipi-di-dati", "xx-Esercitazioni\02_tipi-di-dati\02_tipi-di-dati.csproj", "{338555A5-FCB6-420A-AE2D-79A9C7B3B60E}"
EndProject
Project("{FAE04EC0-301F-11D3-BF4B-00C04F79EFBC}") = "03_operatori", "xx-Esercitazioni\03_operatori\03_operatori.csproj", "{08F4130E-6FD2-406B-A77F-D4E8B066A21C}"
EndProject
Project("{FAE04EC0-301F-11D3-BF4B-00C04F79EFBC}") = "04_condizioni", "xx-Esercitazioni\04_condizioni\04_condizioni.csproj", "{8529AC92-AA66-4297-919F-A5432D4C299E}"
EndProject
Project("{FAE04EC0-301F-11D3-BF4B-00C04F79EFBC}") = "05_cicli", "xx-Esercitazioni\05_cicli\05_cicli.csproj", "{C938A1E6-C532-40A0-AC46-9D84287B91E3}"
EndProject
Project("{FAE04EC0-301F-11D3-BF4B-00C04F79EFBC}") = "06_metodi-array", "xx-Esercitazioni\06_metodi-array\06_metodi-array.csproj", "{8FC363FF-FA74-4AB4-B19F-C989DF6F4EE9}"
EndProject
Project("{FAE04EC0-301F-11D3-BF4B-00C04F79EFBC}") = "07_metodi-lista", "xx-Esercitazioni\07_metodi-lista\07_metodi-lista.csproj", "{228AC141-3BC9-4D53-AA71-F91FDD70CE65}"
EndProject
Project("{2150E333-8FDC-42A3-9474-1A3956D46DE8}") = "Assignment", "Assignment", "{3EF261B4-351A-457B-BF1A-F33DB7D65D0B}"
EndProject
Project("{FAE04EC0-301F-11D3-BF4B-00C04F79EFBC}") = "01_indovina-numero", "Assignment\01_indovina-numero\01_indovina-numero.csproj", "{11E9303C-517F-47ED-8501-D4C7F29D3272}"
EndProject
Project("{FAE04EC0-301F-11D3-BF4B-00C04F79EFBC}") = "08_metodi-dizionario", "xx-Esercitazioni\08_metodi-dizionario\08_metodi-dizionario.csproj", "{D94449DC-7E71-4960-AFCA-021E9E937083}"
EndProject
Project("{FAE04EC0-301F-11D3-BF4B-00C04F79EFBC}") = "02_sorteggio-partecipanti", "Assignment\02_sorteggio-partecipanti\02_sorteggio-partecipanti.csproj", "{B2D57F13-CAFE-4898-A505-48E0EEB9025C}"
EndProject
Project("{FAE04EC0-301F-11D3-BF4B-00C04F79EFBC}") = "09_dates", "xx-Esercitazioni\09_dates\09_dates.csproj", "{EE2A512F-3DBC-4303-B2CC-C7287EC3F2DF}"
EndProject
Project("{FAE04EC0-301F-11D3-BF4B-00C04F79EFBC}") = "10 math", "xx-Esercitazioni\10 math\10 math.csproj", "{45329169-E9EA-4F21-ABAA-DEDFA767CED0}"
EndProject
Project("{FAE04EC0-301F-11D3-BF4B-00C04F79EFBC}") = "11_gestione-eccezioni", "xx-Esercitazioni\11_gestione-eccezioni\11_gestione-eccezioni.csproj", "{A98A741D-0CDE-47F2-BA7A-0D2EBE2E2416}"
EndProject
Project("{FAE04EC0-301F-11D3-BF4B-00C04F79EFBC}") = "03_calcolatrice", "Assignment\03_calcolatrice\03_calcolatrice.csproj", "{CCCD9B9E-A9F8-436D-8E86-CF688556E3BE}"
EndProject
Project("{FAE04EC0-301F-11D3-BF4B-00C04F79EFBC}") = "13_verifica-competenze-1", "Assignment\13_verifica-competenze-1\13_verifica-competenze-1.csproj", "{E5FE469A-8E41-465A-816C-370FFD0C74F1}"
EndProject
Project("{FAE04EC0-301F-11D3-BF4B-00C04F79EFBC}") = "14_pers-txt", "xx-Esercitazioni\14_pers-txt\14_pers-txt.csproj", "{72CCC80A-D385-4E09-BBC9-7CAB4568DE4D}"
EndProject
Project("{FAE04EC0-301F-11D3-BF4B-00C04F79EFBC}") = "15_metodi-files", "xx-Esercitazioni\15_metodi-files\15_metodi-files.csproj", "{D77EA3EF-2E0B-4D58-AE04-285A64E4BC6B}"
EndProject
Project("{FAE04EC0-301F-11D3-BF4B-00C04F79EFBC}") = "14_sorteggio-partecipanti-txt", "Assignment\14_sorteggio-partecipanti-txt\14_sorteggio-partecipanti-txt.csproj", "{AE35143F-9622-4A3B-B5F9-E7AAE408443F}"
EndProject
Project("{FAE04EC0-301F-11D3-BF4B-00C04F79EFBC}") = "18_pers-csv", "xx-Esercitazioni\18_pers-csv\18_pers-csv.csproj", "{F449A277-243B-4D3E-9564-BFFFB580799D}"
EndProject
Project("{FAE04EC0-301F-11D3-BF4B-00C04F79EFBC}") = "19_pers-Json", "xx-Esercitazioni\19_pers-Json\19_pers-Json.csproj", "{819DEFB5-35C1-434F-BB3E-46910C3E6AD5}"
EndProject
Global
	GlobalSection(SolutionConfigurationPlatforms) = preSolution
		Debug|Any CPU = Debug|Any CPU
		Release|Any CPU = Release|Any CPU
	EndGlobalSection
	GlobalSection(SolutionProperties) = preSolution
		HideSolutionNode = FALSE
	EndGlobalSection
	GlobalSection(ProjectConfigurationPlatforms) = postSolution
		{F155E750-A8FD-445C-A39D-1CEACB070361}.Debug|Any CPU.ActiveCfg = Debug|Any CPU
		{F155E750-A8FD-445C-A39D-1CEACB070361}.Debug|Any CPU.Build.0 = Debug|Any CPU
		{F155E750-A8FD-445C-A39D-1CEACB070361}.Release|Any CPU.ActiveCfg = Release|Any CPU
		{F155E750-A8FD-445C-A39D-1CEACB070361}.Release|Any CPU.Build.0 = Release|Any CPU
		{338555A5-FCB6-420A-AE2D-79A9C7B3B60E}.Debug|Any CPU.ActiveCfg = Debug|Any CPU
		{338555A5-FCB6-420A-AE2D-79A9C7B3B60E}.Debug|Any CPU.Build.0 = Debug|Any CPU
		{338555A5-FCB6-420A-AE2D-79A9C7B3B60E}.Release|Any CPU.ActiveCfg = Release|Any CPU
		{338555A5-FCB6-420A-AE2D-79A9C7B3B60E}.Release|Any CPU.Build.0 = Release|Any CPU
		{08F4130E-6FD2-406B-A77F-D4E8B066A21C}.Debug|Any CPU.ActiveCfg = Debug|Any CPU
		{08F4130E-6FD2-406B-A77F-D4E8B066A21C}.Debug|Any CPU.Build.0 = Debug|Any CPU
		{08F4130E-6FD2-406B-A77F-D4E8B066A21C}.Release|Any CPU.ActiveCfg = Release|Any CPU
		{08F4130E-6FD2-406B-A77F-D4E8B066A21C}.Release|Any CPU.Build.0 = Release|Any CPU
		{8529AC92-AA66-4297-919F-A5432D4C299E}.Debug|Any CPU.ActiveCfg = Debug|Any CPU
		{8529AC92-AA66-4297-919F-A5432D4C299E}.Debug|Any CPU.Build.0 = Debug|Any CPU
		{8529AC92-AA66-4297-919F-A5432D4C299E}.Release|Any CPU.ActiveCfg = Release|Any CPU
		{8529AC92-AA66-4297-919F-A5432D4C299E}.Release|Any CPU.Build.0 = Release|Any CPU
		{C938A1E6-C532-40A0-AC46-9D84287B91E3}.Debug|Any CPU.ActiveCfg = Debug|Any CPU
		{C938A1E6-C532-40A0-AC46-9D84287B91E3}.Debug|Any CPU.Build.0 = Debug|Any CPU
		{C938A1E6-C532-40A0-AC46-9D84287B91E3}.Release|Any CPU.ActiveCfg = Release|Any CPU
		{C938A1E6-C532-40A0-AC46-9D84287B91E3}.Release|Any CPU.Build.0 = Release|Any CPU
		{8FC363FF-FA74-4AB4-B19F-C989DF6F4EE9}.Debug|Any CPU.ActiveCfg = Debug|Any CPU
		{8FC363FF-FA74-4AB4-B19F-C989DF6F4EE9}.Debug|Any CPU.Build.0 = Debug|Any CPU
		{8FC363FF-FA74-4AB4-B19F-C989DF6F4EE9}.Release|Any CPU.ActiveCfg = Release|Any CPU
		{8FC363FF-FA74-4AB4-B19F-C989DF6F4EE9}.Release|Any CPU.Build.0 = Release|Any CPU
		{228AC141-3BC9-4D53-AA71-F91FDD70CE65}.Debug|Any CPU.ActiveCfg = Debug|Any CPU
		{228AC141-3BC9-4D53-AA71-F91FDD70CE65}.Debug|Any CPU.Build.0 = Debug|Any CPU
		{228AC141-3BC9-4D53-AA71-F91FDD70CE65}.Release|Any CPU.ActiveCfg = Release|Any CPU
		{228AC141-3BC9-4D53-AA71-F91FDD70CE65}.Release|Any CPU.Build.0 = Release|Any CPU
		{11E9303C-517F-47ED-8501-D4C7F29D3272}.Debug|Any CPU.ActiveCfg = Debug|Any CPU
		{11E9303C-517F-47ED-8501-D4C7F29D3272}.Debug|Any CPU.Build.0 = Debug|Any CPU
		{11E9303C-517F-47ED-8501-D4C7F29D3272}.Release|Any CPU.ActiveCfg = Release|Any CPU
		{11E9303C-517F-47ED-8501-D4C7F29D3272}.Release|Any CPU.Build.0 = Release|Any CPU
		{D94449DC-7E71-4960-AFCA-021E9E937083}.Debug|Any CPU.ActiveCfg = Debug|Any CPU
		{D94449DC-7E71-4960-AFCA-021E9E937083}.Debug|Any CPU.Build.0 = Debug|Any CPU
		{D94449DC-7E71-4960-AFCA-021E9E937083}.Release|Any CPU.ActiveCfg = Release|Any CPU
		{D94449DC-7E71-4960-AFCA-021E9E937083}.Release|Any CPU.Build.0 = Release|Any CPU
		{B2D57F13-CAFE-4898-A505-48E0EEB9025C}.Debug|Any CPU.ActiveCfg = Debug|Any CPU
		{B2D57F13-CAFE-4898-A505-48E0EEB9025C}.Debug|Any CPU.Build.0 = Debug|Any CPU
		{B2D57F13-CAFE-4898-A505-48E0EEB9025C}.Release|Any CPU.ActiveCfg = Release|Any CPU
		{B2D57F13-CAFE-4898-A505-48E0EEB9025C}.Release|Any CPU.Build.0 = Release|Any CPU
		{EE2A512F-3DBC-4303-B2CC-C7287EC3F2DF}.Debug|Any CPU.ActiveCfg = Debug|Any CPU
		{EE2A512F-3DBC-4303-B2CC-C7287EC3F2DF}.Debug|Any CPU.Build.0 = Debug|Any CPU
		{EE2A512F-3DBC-4303-B2CC-C7287EC3F2DF}.Release|Any CPU.ActiveCfg = Release|Any CPU
		{EE2A512F-3DBC-4303-B2CC-C7287EC3F2DF}.Release|Any CPU.Build.0 = Release|Any CPU
		{45329169-E9EA-4F21-ABAA-DEDFA767CED0}.Debug|Any CPU.ActiveCfg = Debug|Any CPU
		{45329169-E9EA-4F21-ABAA-DEDFA767CED0}.Debug|Any CPU.Build.0 = Debug|Any CPU
		{45329169-E9EA-4F21-ABAA-DEDFA767CED0}.Release|Any CPU.ActiveCfg = Release|Any CPU
		{45329169-E9EA-4F21-ABAA-DEDFA767CED0}.Release|Any CPU.Build.0 = Release|Any CPU
		{A98A741D-0CDE-47F2-BA7A-0D2EBE2E2416}.Debug|Any CPU.ActiveCfg = Debug|Any CPU
		{A98A741D-0CDE-47F2-BA7A-0D2EBE2E2416}.Debug|Any CPU.Build.0 = Debug|Any CPU
		{A98A741D-0CDE-47F2-BA7A-0D2EBE2E2416}.Release|Any CPU.ActiveCfg = Release|Any CPU
		{A98A741D-0CDE-47F2-BA7A-0D2EBE2E2416}.Release|Any CPU.Build.0 = Release|Any CPU
		{CCCD9B9E-A9F8-436D-8E86-CF688556E3BE}.Debug|Any CPU.ActiveCfg = Debug|Any CPU
		{CCCD9B9E-A9F8-436D-8E86-CF688556E3BE}.Debug|Any CPU.Build.0 = Debug|Any CPU
		{CCCD9B9E-A9F8-436D-8E86-CF688556E3BE}.Release|Any CPU.ActiveCfg = Release|Any CPU
		{CCCD9B9E-A9F8-436D-8E86-CF688556E3BE}.Release|Any CPU.Build.0 = Release|Any CPU
		{E5FE469A-8E41-465A-816C-370FFD0C74F1}.Debug|Any CPU.ActiveCfg = Debug|Any CPU
		{E5FE469A-8E41-465A-816C-370FFD0C74F1}.Debug|Any CPU.Build.0 = Debug|Any CPU
		{E5FE469A-8E41-465A-816C-370FFD0C74F1}.Release|Any CPU.ActiveCfg = Release|Any CPU
		{E5FE469A-8E41-465A-816C-370FFD0C74F1}.Release|Any CPU.Build.0 = Release|Any CPU
		{72CCC80A-D385-4E09-BBC9-7CAB4568DE4D}.Debug|Any CPU.ActiveCfg = Debug|Any CPU
		{72CCC80A-D385-4E09-BBC9-7CAB4568DE4D}.Debug|Any CPU.Build.0 = Debug|Any CPU
		{72CCC80A-D385-4E09-BBC9-7CAB4568DE4D}.Release|Any CPU.ActiveCfg = Release|Any CPU
		{72CCC80A-D385-4E09-BBC9-7CAB4568DE4D}.Release|Any CPU.Build.0 = Release|Any CPU
		{D77EA3EF-2E0B-4D58-AE04-285A64E4BC6B}.Debug|Any CPU.ActiveCfg = Debug|Any CPU
		{D77EA3EF-2E0B-4D58-AE04-285A64E4BC6B}.Debug|Any CPU.Build.0 = Debug|Any CPU
		{D77EA3EF-2E0B-4D58-AE04-285A64E4BC6B}.Release|Any CPU.ActiveCfg = Release|Any CPU
		{D77EA3EF-2E0B-4D58-AE04-285A64E4BC6B}.Release|Any CPU.Build.0 = Release|Any CPU
		{AE35143F-9622-4A3B-B5F9-E7AAE408443F}.Debug|Any CPU.ActiveCfg = Debug|Any CPU
		{AE35143F-9622-4A3B-B5F9-E7AAE408443F}.Debug|Any CPU.Build.0 = Debug|Any CPU
		{AE35143F-9622-4A3B-B5F9-E7AAE408443F}.Release|Any CPU.ActiveCfg = Release|Any CPU
		{AE35143F-9622-4A3B-B5F9-E7AAE408443F}.Release|Any CPU.Build.0 = Release|Any CPU
		{F449A277-243B-4D3E-9564-BFFFB580799D}.Debug|Any CPU.ActiveCfg = Debug|Any CPU
		{F449A277-243B-4D3E-9564-BFFFB580799D}.Debug|Any CPU.Build.0 = Debug|Any CPU
		{F449A277-243B-4D3E-9564-BFFFB580799D}.Release|Any CPU.ActiveCfg = Release|Any CPU
		{F449A277-243B-4D3E-9564-BFFFB580799D}.Release|Any CPU.Build.0 = Release|Any CPU
		{819DEFB5-35C1-434F-BB3E-46910C3E6AD5}.Debug|Any CPU.ActiveCfg = Debug|Any CPU
		{819DEFB5-35C1-434F-BB3E-46910C3E6AD5}.Debug|Any CPU.Build.0 = Debug|Any CPU
		{819DEFB5-35C1-434F-BB3E-46910C3E6AD5}.Release|Any CPU.ActiveCfg = Release|Any CPU
		{819DEFB5-35C1-434F-BB3E-46910C3E6AD5}.Release|Any CPU.Build.0 = Release|Any CPU
	EndGlobalSection
	GlobalSection(NestedProjects) = preSolution
		{F155E750-A8FD-445C-A39D-1CEACB070361} = {C5E2B1F9-3754-4495-BCFC-BA757C7E0735}
		{338555A5-FCB6-420A-AE2D-79A9C7B3B60E} = {C5E2B1F9-3754-4495-BCFC-BA757C7E0735}
		{08F4130E-6FD2-406B-A77F-D4E8B066A21C} = {C5E2B1F9-3754-4495-BCFC-BA757C7E0735}
		{8529AC92-AA66-4297-919F-A5432D4C299E} = {C5E2B1F9-3754-4495-BCFC-BA757C7E0735}
		{C938A1E6-C532-40A0-AC46-9D84287B91E3} = {C5E2B1F9-3754-4495-BCFC-BA757C7E0735}
		{8FC363FF-FA74-4AB4-B19F-C989DF6F4EE9} = {C5E2B1F9-3754-4495-BCFC-BA757C7E0735}
		{228AC141-3BC9-4D53-AA71-F91FDD70CE65} = {C5E2B1F9-3754-4495-BCFC-BA757C7E0735}
		{11E9303C-517F-47ED-8501-D4C7F29D3272} = {3EF261B4-351A-457B-BF1A-F33DB7D65D0B}
		{D94449DC-7E71-4960-AFCA-021E9E937083} = {C5E2B1F9-3754-4495-BCFC-BA757C7E0735}
		{B2D57F13-CAFE-4898-A505-48E0EEB9025C} = {3EF261B4-351A-457B-BF1A-F33DB7D65D0B}
		{EE2A512F-3DBC-4303-B2CC-C7287EC3F2DF} = {C5E2B1F9-3754-4495-BCFC-BA757C7E0735}
		{45329169-E9EA-4F21-ABAA-DEDFA767CED0} = {C5E2B1F9-3754-4495-BCFC-BA757C7E0735}
		{A98A741D-0CDE-47F2-BA7A-0D2EBE2E2416} = {C5E2B1F9-3754-4495-BCFC-BA757C7E0735}
		{CCCD9B9E-A9F8-436D-8E86-CF688556E3BE} = {3EF261B4-351A-457B-BF1A-F33DB7D65D0B}
		{E5FE469A-8E41-465A-816C-370FFD0C74F1} = {3EF261B4-351A-457B-BF1A-F33DB7D65D0B}
		{72CCC80A-D385-4E09-BBC9-7CAB4568DE4D} = {C5E2B1F9-3754-4495-BCFC-BA757C7E0735}
		{D77EA3EF-2E0B-4D58-AE04-285A64E4BC6B} = {C5E2B1F9-3754-4495-BCFC-BA757C7E0735}
		{AE35143F-9622-4A3B-B5F9-E7AAE408443F} = {3EF261B4-351A-457B-BF1A-F33DB7D65D0B}
		{F449A277-243B-4D3E-9564-BFFFB580799D} = {C5E2B1F9-3754-4495-BCFC-BA757C7E0735}
		{819DEFB5-35C1-434F-BB3E-46910C3E6AD5} = {C5E2B1F9-3754-4495-BCFC-BA757C7E0735}
	EndGlobalSection
EndGlobal
