
Microsoft Visual Studio Solution File, Format Version 12.00
# Visual Studio Version 17
VisualStudioVersion = 17.0.31903.59
MinimumVisualStudioVersion = 10.0.40219.1
Project("{2150E333-8FDC-42A3-9474-1A3956D46DE8}") = "xx-Esercitazioni", "xx-Esercitazioni", "{C5E2B1F9-3754-4495-BCFC-BA757C7E0735}"
EndProject
Project("{FAE04EC0-301F-11D3-BF4B-00C04F79EFBC}") = "01_metodi-console", "xx-Esercitazioni\01_metodi-console\01_metodi-console.csproj", "{F155E750-A8FD-445C-A39D-1CEACB070361}"
EndProject
Project("{FAE04EC0-301F-11D3-BF4B-00C04F79EFBC}") = "02_tipi-di-dati", "xx-Esercitazioni\02_tipi-di-dati\02_tipi-di-dati.csproj", "{338555A5-FCB6-420A-AE2D-79A9C7B3B60E}"
EndProject
Project("{FAE04EC0-301F-11D3-BF4B-00C04F79EFBC}") = "03_operatori", "xx-Esercitazioni\03_operatori\03_operatori.csproj", "{08F4130E-6FD2-406B-A77F-D4E8B066A21C}"
EndProject
Project("{FAE04EC0-301F-11D3-BF4B-00C04F79EFBC}") = "04_condizioni", "xx-Esercitazioni\04_condizioni\04_condizioni.csproj", "{8529AC92-AA66-4297-919F-A5432D4C299E}"
EndProject
Project("{FAE04EC0-301F-11D3-BF4B-00C04F79EFBC}") = "05_cicli", "xx-Esercitazioni\05_cicli\05_cicli.csproj", "{C938A1E6-C532-40A0-AC46-9D84287B91E3}"
EndProject
Project("{FAE04EC0-301F-11D3-BF4B-00C04F79EFBC}") = "06_metodi-array", "xx-Esercitazioni\06_metodi-array\06_metodi-array.csproj", "{8FC363FF-FA74-4AB4-B19F-C989DF6F4EE9}"
EndProject
Project("{FAE04EC0-301F-11D3-BF4B-00C04F79EFBC}") = "07_metodi-lista", "xx-Esercitazioni\07_metodi-lista\07_metodi-lista.csproj", "{228AC141-3BC9-4D53-AA71-F91FDD70CE65}"
EndProject
Project("{2150E333-8FDC-42A3-9474-1A3956D46DE8}") = "Assignment", "Assignment", "{3EF261B4-351A-457B-BF1A-F33DB7D65D0B}"
EndProject
Project("{FAE04EC0-301F-11D3-BF4B-00C04F79EFBC}") = "01_indovina-numero", "Assignment\01_indovina-numero\01_indovina-numero.csproj", "{11E9303C-517F-47ED-8501-D4C7F29D3272}"
EndProject
Project("{FAE04EC0-301F-11D3-BF4B-00C04F79EFBC}") = "08_metodi-dizionario", "xx-Esercitazioni\08_metodi-dizionario\08_metodi-dizionario.csproj", "{D94449DC-7E71-4960-AFCA-021E9E937083}"
EndProject
Project("{FAE04EC0-301F-11D3-BF4B-00C04F79EFBC}") = "02_sorteggio-partecipanti", "Assignment\02_sorteggio-partecipanti\02_sorteggio-partecipanti.csproj", "{B2D57F13-CAFE-4898-A505-48E0EEB9025C}"
EndProject
Project("{FAE04EC0-301F-11D3-BF4B-00C04F79EFBC}") = "09_dates", "xx-Esercitazioni\09_dates\09_dates.csproj", "{EE2A512F-3DBC-4303-B2CC-C7287EC3F2DF}"
EndProject
Project("{FAE04EC0-301F-11D3-BF4B-00C04F79EFBC}") = "10 math", "xx-Esercitazioni\10 math\10 math.csproj", "{45329169-E9EA-4F21-ABAA-DEDFA767CED0}"
EndProject
Project("{FAE04EC0-301F-11D3-BF4B-00C04F79EFBC}") = "11_gestione-eccezioni", "xx-Esercitazioni\11_gestione-eccezioni\11_gestione-eccezioni.csproj", "{A98A741D-0CDE-47F2-BA7A-0D2EBE2E2416}"
EndProject
Project("{FAE04EC0-301F-11D3-BF4B-00C04F79EFBC}") = "03_calcolatrice", "Assignment\03_calcolatrice\03_calcolatrice.csproj", "{CCCD9B9E-A9F8-436D-8E86-CF688556E3BE}"
EndProject
Project("{FAE04EC0-301F-11D3-BF4B-00C04F79EFBC}") = "13_verifica-competenze-1", "Assignment\13_verifica-competenze-1\13_verifica-competenze-1.csproj", "{E5FE469A-8E41-465A-816C-370FFD0C74F1}"
EndProject
Project("{FAE04EC0-301F-11D3-BF4B-00C04F79EFBC}") = "14_pers-txt", "xx-Esercitazioni\14_pers-txt\14_pers-txt.csproj", "{72CCC80A-D385-4E09-BBC9-7CAB4568DE4D}"
EndProject
Project("{FAE04EC0-301F-11D3-BF4B-00C04F79EFBC}") = "15_metodi-files", "xx-Esercitazioni\15_metodi-files\15_metodi-files.csproj", "{D77EA3EF-2E0B-4D58-AE04-285A64E4BC6B}"
EndProject
Project("{FAE04EC0-301F-11D3-BF4B-00C04F79EFBC}") = "14_sorteggio-partecipanti-txt", "Assignment\14_sorteggio-partecipanti-txt\14_sorteggio-partecipanti-txt.csproj", "{AE35143F-9622-4A3B-B5F9-E7AAE408443F}"
EndProject
Project("{FAE04EC0-301F-11D3-BF4B-00C04F79EFBC}") = "18_pers-csv", "xx-Esercitazioni\18_pers-csv\18_pers-csv.csproj", "{F449A277-243B-4D3E-9564-BFFFB580799D}"
EndProject
Project("{FAE04EC0-301F-11D3-BF4B-00C04F79EFBC}") = "19_pers-Json", "xx-Esercitazioni\19_pers-Json\19_pers-Json.csproj", "{819DEFB5-35C1-434F-BB3E-46910C3E6AD5}"
EndProject
Project("{FAE04EC0-301F-11D3-BF4B-00C04F79EFBC}") = "16_indovina-il-numero-csv", "Assignment\16_indovina-il-numero-csv\16_indovina-il-numero-csv.csproj", "{B2756508-C1E2-4806-AEC8-C2EBBEA37BB5}"
EndProject
Project("{FAE04EC0-301F-11D3-BF4B-00C04F79EFBC}") = "17_Supermercato-completo", "Assignment\17_Supermercato-completo\17_Supermercato-completo.csproj", "{509FCCC0-DC25-4D2D-8FFC-7EC596CCE5DD}"
EndProject
Project("{FAE04EC0-301F-11D3-BF4B-00C04F79EFBC}") = "18_supermercato-bootstrap", "Assignment\18_supermercato-bootstrap\18_supermercato-bootstrap.csproj", "{DCE88529-E195-48BE-8212-8BF52A68F5C3}"
EndProject
Project("{FAE04EC0-301F-11D3-BF4B-00C04F79EFBC}") = "20_Classi-prima-parte", "xx-Esercitazioni\20_Classi-prima-parte\20_Classi-prima-parte.csproj", "{02E6760A-8441-47DA-9C89-4D8E8630543A}"
EndProject
Project("{FAE04EC0-301F-11D3-BF4B-00C04F79EFBC}") = "21_Classi-seconda-parte", "xx-Esercitazioni\21_Classi-seconda-parte\21_Classi-seconda-parte.csproj", "{D440DD89-88DF-47F3-AD99-D58EFC27D7B4}"
EndProject
Project("{FAE04EC0-301F-11D3-BF4B-00C04F79EFBC}") = "22_Classi-terza-parte", "xx-Esercitazioni\22_Classi-terza-parte\22_Classi-terza-parte.csproj", "{C60A9CFF-1F6A-4381-BE60-C8C7FEBA58AD}"
EndProject
Project("{FAE04EC0-301F-11D3-BF4B-00C04F79EFBC}") = "23_Classi-quarta-parte", "xx-Esercitazioni\23_Classi-quarta-parte\23_Classi-quarta-parte.csproj", "{3877112C-4295-48BC-A48E-5251387B7EDA}"
EndProject
Project("{FAE04EC0-301F-11D3-BF4B-00C04F79EFBC}") = "24_Classi-quinta-parte", "xx-Esercitazioni\24_Classi-quinta-parte\24_Classi-quinta-parte.csproj", "{21A76307-E765-4691-B796-9E07126C6488}"
EndProject
Project("{FAE04EC0-301F-11D3-BF4B-00C04F79EFBC}") = "25_Classi-sesta-parte", "xx-Esercitazioni\25_Classi-sesta-parte\25_Classi-sesta-parte.csproj", "{69249A70-076F-4A11-8EB0-B557988532C8}"
EndProject
Project("{FAE04EC0-301F-11D3-BF4B-00C04F79EFBC}") = "26_Classi-settima-parte", "xx-Esercitazioni\26_Classi-settima-parte\26_Classi-settima-parte.csproj", "{D2B7D691-5C34-4A60-8C81-3C5148E53C05}"
EndProject
Project("{FAE04EC0-301F-11D3-BF4B-00C04F79EFBC}") = "27_Classi-ottava-parte", "xx-Esercitazioni\27_Classi-ottava-parte\27_Classi-ottava-parte.csproj", "{54C330AA-38DF-4325-AA68-9D23C52AD4EB}"
EndProject
Project("{FAE04EC0-301F-11D3-BF4B-00C04F79EFBC}") = "28_Classi-nona-parte", "xx-Esercitazioni\28_Classi-nona-parte\28_Classi-nona-parte.csproj", "{85EE79DD-DC8F-45DC-8395-1FECEB717DDE}"
EndProject
Project("{FAE04EC0-301F-11D3-BF4B-00C04F79EFBC}") = "19_supermercato-advanced", "Assignment\19_supermercato-advanced\19_supermercato-advanced.csproj", "{1AD48DC0-A564-4535-99D5-B53C2B432B98}"
EndProject
Project("{FAE04EC0-301F-11D3-BF4B-00C04F79EFBC}") = "30_sql_c#_console", "xx-Esercitazioni\30_sql_c#_console\30_sql_c#_console.csproj", "{60AA5B21-606E-4853-AB77-E9ED132F9E2C}"
EndProject
Project("{FAE04EC0-301F-11D3-BF4B-00C04F79EFBC}") = "31_sql-console-c#-semantic", "xx-Esercitazioni\31_sql-console-c#-semantic\31_sql-console-c#-semantic.csproj", "{354D8960-B276-473A-8C1E-AF8B173B99F1}"
EndProject
Project("{FAE04EC0-301F-11D3-BF4B-00C04F79EFBC}") = "32_MVC-console", "xx-Esercitazioni\32_MVC-console\32_MVC-console.csproj", "{359F15CC-59F7-48E3-B820-A914AD493F1E}"
EndProject
Project("{FAE04EC0-301F-11D3-BF4B-00C04F79EFBC}") = "20_SQL_MVC", "Assignment\20_SQL_MVC\20_SQL_MVC.csproj", "{E83B8E68-D27E-408C-9DB0-AAACBC860709}"
EndProject
Project("{2150E333-8FDC-42A3-9474-1A3956D46DE8}") = "20_SQL_MVC_IN_GRUPPO", "20_SQL_MVC_IN_GRUPPO", "{0A4ED284-189B-47B3-A238-276058C9B36C}"
EndProject
Project("{FAE04EC0-301F-11D3-BF4B-00C04F79EFBC}") = "20_SQL_MVC", "Assignment\20_SQL_MVC_IN_GRUPPO\20_SQL_MVC\20_SQL_MVC.csproj", "{A7F3A102-51CE-42DC-A78A-B83730BADA16}"
EndProject
Project("{FAE04EC0-301F-11D3-BF4B-00C04F79EFBC}") = "33_paginazione-console", "xx-Esercitazioni\33_paginazione-console\33_paginazione-console.csproj", "{BF0CDA54-D549-49A8-9FDD-920AC41CE546}"
EndProject
Project("{FAE04EC0-301F-11D3-BF4B-00C04F79EFBC}") = "10_math", "xx-Esercitazioni\10_math\10_math.csproj", "{B7346411-C25D-4838-8EB0-AAC307FF6535}"
EndProject
Project("{FAE04EC0-301F-11D3-BF4B-00C04F79EFBC}") = "34_WebApp", "xx-Esercitazioni\34_WebApp\34_WebApp.csproj", "{640F781B-E925-46D2-80FC-96DF21C3F802}"
EndProject
Project("{FAE04EC0-301F-11D3-BF4B-00C04F79EFBC}") = "35_WebApp-prodotti", "xx-Esercitazioni\35_WebApp-prodotti\35_WebApp-prodotti.csproj", "{B2508FE8-87AD-4A25-9B3A-575F769D82B8}"
EndProject
Project("{FAE04EC0-301F-11D3-BF4B-00C04F79EFBC}") = "35-WebApp-prodotti", "xx-Esercitazioni\35-WebApp-prodotti\35-WebApp-prodotti.csproj", "{4F2F9B87-073F-43BA-976C-5D7AA1D77CB7}"
EndProject
Global
	GlobalSection(SolutionConfigurationPlatforms) = preSolution
		Debug|Any CPU = Debug|Any CPU
		Release|Any CPU = Release|Any CPU
	EndGlobalSection
	GlobalSection(SolutionProperties) = preSolution
		HideSolutionNode = FALSE
	EndGlobalSection
	GlobalSection(ProjectConfigurationPlatforms) = postSolution
		{F155E750-A8FD-445C-A39D-1CEACB070361}.Debug|Any CPU.ActiveCfg = Debug|Any CPU
		{F155E750-A8FD-445C-A39D-1CEACB070361}.Debug|Any CPU.Build.0 = Debug|Any CPU
		{F155E750-A8FD-445C-A39D-1CEACB070361}.Release|Any CPU.ActiveCfg = Release|Any CPU
		{F155E750-A8FD-445C-A39D-1CEACB070361}.Release|Any CPU.Build.0 = Release|Any CPU
		{338555A5-FCB6-420A-AE2D-79A9C7B3B60E}.Debug|Any CPU.ActiveCfg = Debug|Any CPU
		{338555A5-FCB6-420A-AE2D-79A9C7B3B60E}.Debug|Any CPU.Build.0 = Debug|Any CPU
		{338555A5-FCB6-420A-AE2D-79A9C7B3B60E}.Release|Any CPU.ActiveCfg = Release|Any CPU
		{338555A5-FCB6-420A-AE2D-79A9C7B3B60E}.Release|Any CPU.Build.0 = Release|Any CPU
		{08F4130E-6FD2-406B-A77F-D4E8B066A21C}.Debug|Any CPU.ActiveCfg = Debug|Any CPU
		{08F4130E-6FD2-406B-A77F-D4E8B066A21C}.Debug|Any CPU.Build.0 = Debug|Any CPU
		{08F4130E-6FD2-406B-A77F-D4E8B066A21C}.Release|Any CPU.ActiveCfg = Release|Any CPU
		{08F4130E-6FD2-406B-A77F-D4E8B066A21C}.Release|Any CPU.Build.0 = Release|Any CPU
		{8529AC92-AA66-4297-919F-A5432D4C299E}.Debug|Any CPU.ActiveCfg = Debug|Any CPU
		{8529AC92-AA66-4297-919F-A5432D4C299E}.Debug|Any CPU.Build.0 = Debug|Any CPU
		{8529AC92-AA66-4297-919F-A5432D4C299E}.Release|Any CPU.ActiveCfg = Release|Any CPU
		{8529AC92-AA66-4297-919F-A5432D4C299E}.Release|Any CPU.Build.0 = Release|Any CPU
		{C938A1E6-C532-40A0-AC46-9D84287B91E3}.Debug|Any CPU.ActiveCfg = Debug|Any CPU
		{C938A1E6-C532-40A0-AC46-9D84287B91E3}.Debug|Any CPU.Build.0 = Debug|Any CPU
		{C938A1E6-C532-40A0-AC46-9D84287B91E3}.Release|Any CPU.ActiveCfg = Release|Any CPU
		{C938A1E6-C532-40A0-AC46-9D84287B91E3}.Release|Any CPU.Build.0 = Release|Any CPU
		{8FC363FF-FA74-4AB4-B19F-C989DF6F4EE9}.Debug|Any CPU.ActiveCfg = Debug|Any CPU
		{8FC363FF-FA74-4AB4-B19F-C989DF6F4EE9}.Debug|Any CPU.Build.0 = Debug|Any CPU
		{8FC363FF-FA74-4AB4-B19F-C989DF6F4EE9}.Release|Any CPU.ActiveCfg = Release|Any CPU
		{8FC363FF-FA74-4AB4-B19F-C989DF6F4EE9}.Release|Any CPU.Build.0 = Release|Any CPU
		{228AC141-3BC9-4D53-AA71-F91FDD70CE65}.Debug|Any CPU.ActiveCfg = Debug|Any CPU
		{228AC141-3BC9-4D53-AA71-F91FDD70CE65}.Debug|Any CPU.Build.0 = Debug|Any CPU
		{228AC141-3BC9-4D53-AA71-F91FDD70CE65}.Release|Any CPU.ActiveCfg = Release|Any CPU
		{228AC141-3BC9-4D53-AA71-F91FDD70CE65}.Release|Any CPU.Build.0 = Release|Any CPU
		{11E9303C-517F-47ED-8501-D4C7F29D3272}.Debug|Any CPU.ActiveCfg = Debug|Any CPU
		{11E9303C-517F-47ED-8501-D4C7F29D3272}.Debug|Any CPU.Build.0 = Debug|Any CPU
		{11E9303C-517F-47ED-8501-D4C7F29D3272}.Release|Any CPU.ActiveCfg = Release|Any CPU
		{11E9303C-517F-47ED-8501-D4C7F29D3272}.Release|Any CPU.Build.0 = Release|Any CPU
		{D94449DC-7E71-4960-AFCA-021E9E937083}.Debug|Any CPU.ActiveCfg = Debug|Any CPU
		{D94449DC-7E71-4960-AFCA-021E9E937083}.Debug|Any CPU.Build.0 = Debug|Any CPU
		{D94449DC-7E71-4960-AFCA-021E9E937083}.Release|Any CPU.ActiveCfg = Release|Any CPU
		{D94449DC-7E71-4960-AFCA-021E9E937083}.Release|Any CPU.Build.0 = Release|Any CPU
		{B2D57F13-CAFE-4898-A505-48E0EEB9025C}.Debug|Any CPU.ActiveCfg = Debug|Any CPU
		{B2D57F13-CAFE-4898-A505-48E0EEB9025C}.Debug|Any CPU.Build.0 = Debug|Any CPU
		{B2D57F13-CAFE-4898-A505-48E0EEB9025C}.Release|Any CPU.ActiveCfg = Release|Any CPU
		{B2D57F13-CAFE-4898-A505-48E0EEB9025C}.Release|Any CPU.Build.0 = Release|Any CPU
		{EE2A512F-3DBC-4303-B2CC-C7287EC3F2DF}.Debug|Any CPU.ActiveCfg = Debug|Any CPU
		{EE2A512F-3DBC-4303-B2CC-C7287EC3F2DF}.Debug|Any CPU.Build.0 = Debug|Any CPU
		{EE2A512F-3DBC-4303-B2CC-C7287EC3F2DF}.Release|Any CPU.ActiveCfg = Release|Any CPU
		{EE2A512F-3DBC-4303-B2CC-C7287EC3F2DF}.Release|Any CPU.Build.0 = Release|Any CPU
		{45329169-E9EA-4F21-ABAA-DEDFA767CED0}.Debug|Any CPU.ActiveCfg = Debug|Any CPU
		{45329169-E9EA-4F21-ABAA-DEDFA767CED0}.Debug|Any CPU.Build.0 = Debug|Any CPU
		{45329169-E9EA-4F21-ABAA-DEDFA767CED0}.Release|Any CPU.ActiveCfg = Release|Any CPU
		{45329169-E9EA-4F21-ABAA-DEDFA767CED0}.Release|Any CPU.Build.0 = Release|Any CPU
		{A98A741D-0CDE-47F2-BA7A-0D2EBE2E2416}.Debug|Any CPU.ActiveCfg = Debug|Any CPU
		{A98A741D-0CDE-47F2-BA7A-0D2EBE2E2416}.Debug|Any CPU.Build.0 = Debug|Any CPU
		{A98A741D-0CDE-47F2-BA7A-0D2EBE2E2416}.Release|Any CPU.ActiveCfg = Release|Any CPU
		{A98A741D-0CDE-47F2-BA7A-0D2EBE2E2416}.Release|Any CPU.Build.0 = Release|Any CPU
		{CCCD9B9E-A9F8-436D-8E86-CF688556E3BE}.Debug|Any CPU.ActiveCfg = Debug|Any CPU
		{CCCD9B9E-A9F8-436D-8E86-CF688556E3BE}.Debug|Any CPU.Build.0 = Debug|Any CPU
		{CCCD9B9E-A9F8-436D-8E86-CF688556E3BE}.Release|Any CPU.ActiveCfg = Release|Any CPU
		{CCCD9B9E-A9F8-436D-8E86-CF688556E3BE}.Release|Any CPU.Build.0 = Release|Any CPU
		{E5FE469A-8E41-465A-816C-370FFD0C74F1}.Debug|Any CPU.ActiveCfg = Debug|Any CPU
		{E5FE469A-8E41-465A-816C-370FFD0C74F1}.Debug|Any CPU.Build.0 = Debug|Any CPU
		{E5FE469A-8E41-465A-816C-370FFD0C74F1}.Release|Any CPU.ActiveCfg = Release|Any CPU
		{E5FE469A-8E41-465A-816C-370FFD0C74F1}.Release|Any CPU.Build.0 = Release|Any CPU
		{72CCC80A-D385-4E09-BBC9-7CAB4568DE4D}.Debug|Any CPU.ActiveCfg = Debug|Any CPU
		{72CCC80A-D385-4E09-BBC9-7CAB4568DE4D}.Debug|Any CPU.Build.0 = Debug|Any CPU
		{72CCC80A-D385-4E09-BBC9-7CAB4568DE4D}.Release|Any CPU.ActiveCfg = Release|Any CPU
		{72CCC80A-D385-4E09-BBC9-7CAB4568DE4D}.Release|Any CPU.Build.0 = Release|Any CPU
		{D77EA3EF-2E0B-4D58-AE04-285A64E4BC6B}.Debug|Any CPU.ActiveCfg = Debug|Any CPU
		{D77EA3EF-2E0B-4D58-AE04-285A64E4BC6B}.Debug|Any CPU.Build.0 = Debug|Any CPU
		{D77EA3EF-2E0B-4D58-AE04-285A64E4BC6B}.Release|Any CPU.ActiveCfg = Release|Any CPU
		{D77EA3EF-2E0B-4D58-AE04-285A64E4BC6B}.Release|Any CPU.Build.0 = Release|Any CPU
		{AE35143F-9622-4A3B-B5F9-E7AAE408443F}.Debug|Any CPU.ActiveCfg = Debug|Any CPU
		{AE35143F-9622-4A3B-B5F9-E7AAE408443F}.Debug|Any CPU.Build.0 = Debug|Any CPU
		{AE35143F-9622-4A3B-B5F9-E7AAE408443F}.Release|Any CPU.ActiveCfg = Release|Any CPU
		{AE35143F-9622-4A3B-B5F9-E7AAE408443F}.Release|Any CPU.Build.0 = Release|Any CPU
		{F449A277-243B-4D3E-9564-BFFFB580799D}.Debug|Any CPU.ActiveCfg = Debug|Any CPU
		{F449A277-243B-4D3E-9564-BFFFB580799D}.Debug|Any CPU.Build.0 = Debug|Any CPU
		{F449A277-243B-4D3E-9564-BFFFB580799D}.Release|Any CPU.ActiveCfg = Release|Any CPU
		{F449A277-243B-4D3E-9564-BFFFB580799D}.Release|Any CPU.Build.0 = Release|Any CPU
		{819DEFB5-35C1-434F-BB3E-46910C3E6AD5}.Debug|Any CPU.ActiveCfg = Debug|Any CPU
		{819DEFB5-35C1-434F-BB3E-46910C3E6AD5}.Debug|Any CPU.Build.0 = Debug|Any CPU
		{819DEFB5-35C1-434F-BB3E-46910C3E6AD5}.Release|Any CPU.ActiveCfg = Release|Any CPU
		{819DEFB5-35C1-434F-BB3E-46910C3E6AD5}.Release|Any CPU.Build.0 = Release|Any CPU
		{B2756508-C1E2-4806-AEC8-C2EBBEA37BB5}.Debug|Any CPU.ActiveCfg = Debug|Any CPU
		{B2756508-C1E2-4806-AEC8-C2EBBEA37BB5}.Debug|Any CPU.Build.0 = Debug|Any CPU
		{B2756508-C1E2-4806-AEC8-C2EBBEA37BB5}.Release|Any CPU.ActiveCfg = Release|Any CPU
		{B2756508-C1E2-4806-AEC8-C2EBBEA37BB5}.Release|Any CPU.Build.0 = Release|Any CPU
		{509FCCC0-DC25-4D2D-8FFC-7EC596CCE5DD}.Debug|Any CPU.ActiveCfg = Debug|Any CPU
		{509FCCC0-DC25-4D2D-8FFC-7EC596CCE5DD}.Debug|Any CPU.Build.0 = Debug|Any CPU
		{509FCCC0-DC25-4D2D-8FFC-7EC596CCE5DD}.Release|Any CPU.ActiveCfg = Release|Any CPU
		{509FCCC0-DC25-4D2D-8FFC-7EC596CCE5DD}.Release|Any CPU.Build.0 = Release|Any CPU
		{DCE88529-E195-48BE-8212-8BF52A68F5C3}.Debug|Any CPU.ActiveCfg = Debug|Any CPU
		{DCE88529-E195-48BE-8212-8BF52A68F5C3}.Debug|Any CPU.Build.0 = Debug|Any CPU
		{DCE88529-E195-48BE-8212-8BF52A68F5C3}.Release|Any CPU.ActiveCfg = Release|Any CPU
		{DCE88529-E195-48BE-8212-8BF52A68F5C3}.Release|Any CPU.Build.0 = Release|Any CPU
		{02E6760A-8441-47DA-9C89-4D8E8630543A}.Debug|Any CPU.ActiveCfg = Debug|Any CPU
		{02E6760A-8441-47DA-9C89-4D8E8630543A}.Debug|Any CPU.Build.0 = Debug|Any CPU
		{02E6760A-8441-47DA-9C89-4D8E8630543A}.Release|Any CPU.ActiveCfg = Release|Any CPU
		{02E6760A-8441-47DA-9C89-4D8E8630543A}.Release|Any CPU.Build.0 = Release|Any CPU
		{D440DD89-88DF-47F3-AD99-D58EFC27D7B4}.Debug|Any CPU.ActiveCfg = Debug|Any CPU
		{D440DD89-88DF-47F3-AD99-D58EFC27D7B4}.Debug|Any CPU.Build.0 = Debug|Any CPU
		{D440DD89-88DF-47F3-AD99-D58EFC27D7B4}.Release|Any CPU.ActiveCfg = Release|Any CPU
		{D440DD89-88DF-47F3-AD99-D58EFC27D7B4}.Release|Any CPU.Build.0 = Release|Any CPU
		{C60A9CFF-1F6A-4381-BE60-C8C7FEBA58AD}.Debug|Any CPU.ActiveCfg = Debug|Any CPU
		{C60A9CFF-1F6A-4381-BE60-C8C7FEBA58AD}.Debug|Any CPU.Build.0 = Debug|Any CPU
		{C60A9CFF-1F6A-4381-BE60-C8C7FEBA58AD}.Release|Any CPU.ActiveCfg = Release|Any CPU
		{C60A9CFF-1F6A-4381-BE60-C8C7FEBA58AD}.Release|Any CPU.Build.0 = Release|Any CPU
		{3877112C-4295-48BC-A48E-5251387B7EDA}.Debug|Any CPU.ActiveCfg = Debug|Any CPU
		{3877112C-4295-48BC-A48E-5251387B7EDA}.Debug|Any CPU.Build.0 = Debug|Any CPU
		{3877112C-4295-48BC-A48E-5251387B7EDA}.Release|Any CPU.ActiveCfg = Release|Any CPU
		{3877112C-4295-48BC-A48E-5251387B7EDA}.Release|Any CPU.Build.0 = Release|Any CPU
		{21A76307-E765-4691-B796-9E07126C6488}.Debug|Any CPU.ActiveCfg = Debug|Any CPU
		{21A76307-E765-4691-B796-9E07126C6488}.Debug|Any CPU.Build.0 = Debug|Any CPU
		{21A76307-E765-4691-B796-9E07126C6488}.Release|Any CPU.ActiveCfg = Release|Any CPU
		{21A76307-E765-4691-B796-9E07126C6488}.Release|Any CPU.Build.0 = Release|Any CPU
		{69249A70-076F-4A11-8EB0-B557988532C8}.Debug|Any CPU.ActiveCfg = Debug|Any CPU
		{69249A70-076F-4A11-8EB0-B557988532C8}.Debug|Any CPU.Build.0 = Debug|Any CPU
		{69249A70-076F-4A11-8EB0-B557988532C8}.Release|Any CPU.ActiveCfg = Release|Any CPU
		{69249A70-076F-4A11-8EB0-B557988532C8}.Release|Any CPU.Build.0 = Release|Any CPU
		{D2B7D691-5C34-4A60-8C81-3C5148E53C05}.Debug|Any CPU.ActiveCfg = Debug|Any CPU
		{D2B7D691-5C34-4A60-8C81-3C5148E53C05}.Debug|Any CPU.Build.0 = Debug|Any CPU
		{D2B7D691-5C34-4A60-8C81-3C5148E53C05}.Release|Any CPU.ActiveCfg = Release|Any CPU
		{D2B7D691-5C34-4A60-8C81-3C5148E53C05}.Release|Any CPU.Build.0 = Release|Any CPU
		{54C330AA-38DF-4325-AA68-9D23C52AD4EB}.Debug|Any CPU.ActiveCfg = Debug|Any CPU
		{54C330AA-38DF-4325-AA68-9D23C52AD4EB}.Debug|Any CPU.Build.0 = Debug|Any CPU
		{54C330AA-38DF-4325-AA68-9D23C52AD4EB}.Release|Any CPU.ActiveCfg = Release|Any CPU
		{54C330AA-38DF-4325-AA68-9D23C52AD4EB}.Release|Any CPU.Build.0 = Release|Any CPU
		{85EE79DD-DC8F-45DC-8395-1FECEB717DDE}.Debug|Any CPU.ActiveCfg = Debug|Any CPU
		{85EE79DD-DC8F-45DC-8395-1FECEB717DDE}.Debug|Any CPU.Build.0 = Debug|Any CPU
		{85EE79DD-DC8F-45DC-8395-1FECEB717DDE}.Release|Any CPU.ActiveCfg = Release|Any CPU
		{85EE79DD-DC8F-45DC-8395-1FECEB717DDE}.Release|Any CPU.Build.0 = Release|Any CPU
		{1AD48DC0-A564-4535-99D5-B53C2B432B98}.Debug|Any CPU.ActiveCfg = Debug|Any CPU
		{1AD48DC0-A564-4535-99D5-B53C2B432B98}.Debug|Any CPU.Build.0 = Debug|Any CPU
		{1AD48DC0-A564-4535-99D5-B53C2B432B98}.Release|Any CPU.ActiveCfg = Release|Any CPU
		{1AD48DC0-A564-4535-99D5-B53C2B432B98}.Release|Any CPU.Build.0 = Release|Any CPU
		{60AA5B21-606E-4853-AB77-E9ED132F9E2C}.Debug|Any CPU.ActiveCfg = Debug|Any CPU
		{60AA5B21-606E-4853-AB77-E9ED132F9E2C}.Debug|Any CPU.Build.0 = Debug|Any CPU
		{60AA5B21-606E-4853-AB77-E9ED132F9E2C}.Release|Any CPU.ActiveCfg = Release|Any CPU
		{60AA5B21-606E-4853-AB77-E9ED132F9E2C}.Release|Any CPU.Build.0 = Release|Any CPU
		{354D8960-B276-473A-8C1E-AF8B173B99F1}.Debug|Any CPU.ActiveCfg = Debug|Any CPU
		{354D8960-B276-473A-8C1E-AF8B173B99F1}.Debug|Any CPU.Build.0 = Debug|Any CPU
		{354D8960-B276-473A-8C1E-AF8B173B99F1}.Release|Any CPU.ActiveCfg = Release|Any CPU
		{354D8960-B276-473A-8C1E-AF8B173B99F1}.Release|Any CPU.Build.0 = Release|Any CPU
		{359F15CC-59F7-48E3-B820-A914AD493F1E}.Debug|Any CPU.ActiveCfg = Debug|Any CPU
		{359F15CC-59F7-48E3-B820-A914AD493F1E}.Debug|Any CPU.Build.0 = Debug|Any CPU
		{359F15CC-59F7-48E3-B820-A914AD493F1E}.Release|Any CPU.ActiveCfg = Release|Any CPU
		{359F15CC-59F7-48E3-B820-A914AD493F1E}.Release|Any CPU.Build.0 = Release|Any CPU
		{E83B8E68-D27E-408C-9DB0-AAACBC860709}.Debug|Any CPU.ActiveCfg = Debug|Any CPU
		{E83B8E68-D27E-408C-9DB0-AAACBC860709}.Debug|Any CPU.Build.0 = Debug|Any CPU
		{E83B8E68-D27E-408C-9DB0-AAACBC860709}.Release|Any CPU.ActiveCfg = Release|Any CPU
		{E83B8E68-D27E-408C-9DB0-AAACBC860709}.Release|Any CPU.Build.0 = Release|Any CPU
		{A7F3A102-51CE-42DC-A78A-B83730BADA16}.Debug|Any CPU.ActiveCfg = Debug|Any CPU
		{A7F3A102-51CE-42DC-A78A-B83730BADA16}.Debug|Any CPU.Build.0 = Debug|Any CPU
		{A7F3A102-51CE-42DC-A78A-B83730BADA16}.Release|Any CPU.ActiveCfg = Release|Any CPU
		{A7F3A102-51CE-42DC-A78A-B83730BADA16}.Release|Any CPU.Build.0 = Release|Any CPU
		{BF0CDA54-D549-49A8-9FDD-920AC41CE546}.Debug|Any CPU.ActiveCfg = Debug|Any CPU
		{BF0CDA54-D549-49A8-9FDD-920AC41CE546}.Debug|Any CPU.Build.0 = Debug|Any CPU
		{BF0CDA54-D549-49A8-9FDD-920AC41CE546}.Release|Any CPU.ActiveCfg = Release|Any CPU
		{BF0CDA54-D549-49A8-9FDD-920AC41CE546}.Release|Any CPU.Build.0 = Release|Any CPU
		{B7346411-C25D-4838-8EB0-AAC307FF6535}.Debug|Any CPU.ActiveCfg = Debug|Any CPU
		{B7346411-C25D-4838-8EB0-AAC307FF6535}.Debug|Any CPU.Build.0 = Debug|Any CPU
		{B7346411-C25D-4838-8EB0-AAC307FF6535}.Release|Any CPU.ActiveCfg = Release|Any CPU
		{B7346411-C25D-4838-8EB0-AAC307FF6535}.Release|Any CPU.Build.0 = Release|Any CPU
		{640F781B-E925-46D2-80FC-96DF21C3F802}.Debug|Any CPU.ActiveCfg = Debug|Any CPU
		{640F781B-E925-46D2-80FC-96DF21C3F802}.Debug|Any CPU.Build.0 = Debug|Any CPU
		{640F781B-E925-46D2-80FC-96DF21C3F802}.Release|Any CPU.ActiveCfg = Release|Any CPU
		{640F781B-E925-46D2-80FC-96DF21C3F802}.Release|Any CPU.Build.0 = Release|Any CPU
		{B2508FE8-87AD-4A25-9B3A-575F769D82B8}.Debug|Any CPU.ActiveCfg = Debug|Any CPU
		{B2508FE8-87AD-4A25-9B3A-575F769D82B8}.Debug|Any CPU.Build.0 = Debug|Any CPU
		{B2508FE8-87AD-4A25-9B3A-575F769D82B8}.Release|Any CPU.ActiveCfg = Release|Any CPU
		{B2508FE8-87AD-4A25-9B3A-575F769D82B8}.Release|Any CPU.Build.0 = Release|Any CPU
		{4F2F9B87-073F-43BA-976C-5D7AA1D77CB7}.Debug|Any CPU.ActiveCfg = Debug|Any CPU
		{4F2F9B87-073F-43BA-976C-5D7AA1D77CB7}.Debug|Any CPU.Build.0 = Debug|Any CPU
		{4F2F9B87-073F-43BA-976C-5D7AA1D77CB7}.Release|Any CPU.ActiveCfg = Release|Any CPU
		{4F2F9B87-073F-43BA-976C-5D7AA1D77CB7}.Release|Any CPU.Build.0 = Release|Any CPU
	EndGlobalSection
	GlobalSection(NestedProjects) = preSolution
		{F155E750-A8FD-445C-A39D-1CEACB070361} = {C5E2B1F9-3754-4495-BCFC-BA757C7E0735}
		{338555A5-FCB6-420A-AE2D-79A9C7B3B60E} = {C5E2B1F9-3754-4495-BCFC-BA757C7E0735}
		{08F4130E-6FD2-406B-A77F-D4E8B066A21C} = {C5E2B1F9-3754-4495-BCFC-BA757C7E0735}
		{8529AC92-AA66-4297-919F-A5432D4C299E} = {C5E2B1F9-3754-4495-BCFC-BA757C7E0735}
		{C938A1E6-C532-40A0-AC46-9D84287B91E3} = {C5E2B1F9-3754-4495-BCFC-BA757C7E0735}
		{8FC363FF-FA74-4AB4-B19F-C989DF6F4EE9} = {C5E2B1F9-3754-4495-BCFC-BA757C7E0735}
		{228AC141-3BC9-4D53-AA71-F91FDD70CE65} = {C5E2B1F9-3754-4495-BCFC-BA757C7E0735}
		{11E9303C-517F-47ED-8501-D4C7F29D3272} = {3EF261B4-351A-457B-BF1A-F33DB7D65D0B}
		{D94449DC-7E71-4960-AFCA-021E9E937083} = {C5E2B1F9-3754-4495-BCFC-BA757C7E0735}
		{B2D57F13-CAFE-4898-A505-48E0EEB9025C} = {3EF261B4-351A-457B-BF1A-F33DB7D65D0B}
		{EE2A512F-3DBC-4303-B2CC-C7287EC3F2DF} = {C5E2B1F9-3754-4495-BCFC-BA757C7E0735}
		{45329169-E9EA-4F21-ABAA-DEDFA767CED0} = {C5E2B1F9-3754-4495-BCFC-BA757C7E0735}
		{A98A741D-0CDE-47F2-BA7A-0D2EBE2E2416} = {C5E2B1F9-3754-4495-BCFC-BA757C7E0735}
		{CCCD9B9E-A9F8-436D-8E86-CF688556E3BE} = {3EF261B4-351A-457B-BF1A-F33DB7D65D0B}
		{E5FE469A-8E41-465A-816C-370FFD0C74F1} = {3EF261B4-351A-457B-BF1A-F33DB7D65D0B}
		{72CCC80A-D385-4E09-BBC9-7CAB4568DE4D} = {C5E2B1F9-3754-4495-BCFC-BA757C7E0735}
		{D77EA3EF-2E0B-4D58-AE04-285A64E4BC6B} = {C5E2B1F9-3754-4495-BCFC-BA757C7E0735}
		{AE35143F-9622-4A3B-B5F9-E7AAE408443F} = {3EF261B4-351A-457B-BF1A-F33DB7D65D0B}
		{F449A277-243B-4D3E-9564-BFFFB580799D} = {C5E2B1F9-3754-4495-BCFC-BA757C7E0735}
		{819DEFB5-35C1-434F-BB3E-46910C3E6AD5} = {C5E2B1F9-3754-4495-BCFC-BA757C7E0735}
		{B2756508-C1E2-4806-AEC8-C2EBBEA37BB5} = {3EF261B4-351A-457B-BF1A-F33DB7D65D0B}
		{509FCCC0-DC25-4D2D-8FFC-7EC596CCE5DD} = {3EF261B4-351A-457B-BF1A-F33DB7D65D0B}
		{DCE88529-E195-48BE-8212-8BF52A68F5C3} = {3EF261B4-351A-457B-BF1A-F33DB7D65D0B}
		{02E6760A-8441-47DA-9C89-4D8E8630543A} = {C5E2B1F9-3754-4495-BCFC-BA757C7E0735}
		{D440DD89-88DF-47F3-AD99-D58EFC27D7B4} = {C5E2B1F9-3754-4495-BCFC-BA757C7E0735}
		{C60A9CFF-1F6A-4381-BE60-C8C7FEBA58AD} = {C5E2B1F9-3754-4495-BCFC-BA757C7E0735}
		{3877112C-4295-48BC-A48E-5251387B7EDA} = {C5E2B1F9-3754-4495-BCFC-BA757C7E0735}
		{21A76307-E765-4691-B796-9E07126C6488} = {C5E2B1F9-3754-4495-BCFC-BA757C7E0735}
		{69249A70-076F-4A11-8EB0-B557988532C8} = {C5E2B1F9-3754-4495-BCFC-BA757C7E0735}
		{D2B7D691-5C34-4A60-8C81-3C5148E53C05} = {C5E2B1F9-3754-4495-BCFC-BA757C7E0735}
		{54C330AA-38DF-4325-AA68-9D23C52AD4EB} = {C5E2B1F9-3754-4495-BCFC-BA757C7E0735}
		{85EE79DD-DC8F-45DC-8395-1FECEB717DDE} = {C5E2B1F9-3754-4495-BCFC-BA757C7E0735}
		{1AD48DC0-A564-4535-99D5-B53C2B432B98} = {3EF261B4-351A-457B-BF1A-F33DB7D65D0B}
		{60AA5B21-606E-4853-AB77-E9ED132F9E2C} = {C5E2B1F9-3754-4495-BCFC-BA757C7E0735}
		{354D8960-B276-473A-8C1E-AF8B173B99F1} = {C5E2B1F9-3754-4495-BCFC-BA757C7E0735}
		{359F15CC-59F7-48E3-B820-A914AD493F1E} = {C5E2B1F9-3754-4495-BCFC-BA757C7E0735}
		{E83B8E68-D27E-408C-9DB0-AAACBC860709} = {3EF261B4-351A-457B-BF1A-F33DB7D65D0B}
		{0A4ED284-189B-47B3-A238-276058C9B36C} = {3EF261B4-351A-457B-BF1A-F33DB7D65D0B}
		{A7F3A102-51CE-42DC-A78A-B83730BADA16} = {0A4ED284-189B-47B3-A238-276058C9B36C}
		{BF0CDA54-D549-49A8-9FDD-920AC41CE546} = {C5E2B1F9-3754-4495-BCFC-BA757C7E0735}
		{B7346411-C25D-4838-8EB0-AAC307FF6535} = {C5E2B1F9-3754-4495-BCFC-BA757C7E0735}
		{640F781B-E925-46D2-80FC-96DF21C3F802} = {C5E2B1F9-3754-4495-BCFC-BA757C7E0735}
		{B2508FE8-87AD-4A25-9B3A-575F769D82B8} = {C5E2B1F9-3754-4495-BCFC-BA757C7E0735}
		{4F2F9B87-073F-43BA-976C-5D7AA1D77CB7} = {C5E2B1F9-3754-4495-BCFC-BA757C7E0735}
	EndGlobalSection
EndGlobal
